// !$*UTF8*$!
{
	archiveVersion = 1;
	classes = {
	};
	objectVersion = 50;
	objects = {

/* Begin PBXBuildFile section */
		04003484220099F100934204 /* BaseCoordinator.swift in Sources */ = {isa = PBXBuildFile; fileRef = 04003483220099F100934204 /* BaseCoordinator.swift */; };
		040034892200A11200934204 /* UIViewExtensions.swift in Sources */ = {isa = PBXBuildFile; fileRef = 040034862200A11100934204 /* UIViewExtensions.swift */; };
		0400348A2200A11200934204 /* NSObjectExtensions.swift in Sources */ = {isa = PBXBuildFile; fileRef = 040034872200A11100934204 /* NSObjectExtensions.swift */; };
		0400348B2200A11200934204 /* UIViewControllerExtension.swift in Sources */ = {isa = PBXBuildFile; fileRef = 040034882200A11100934204 /* UIViewControllerExtension.swift */; };
		040034942200A5C900934204 /* Router.swift in Sources */ = {isa = PBXBuildFile; fileRef = 040034932200A5C900934204 /* Router.swift */; };
		040034972200A5D600934204 /* RouterImp.swift in Sources */ = {isa = PBXBuildFile; fileRef = 040034962200A5D600934204 /* RouterImp.swift */; };
		040034992200AC6C00934204 /* DeepLink.swift in Sources */ = {isa = PBXBuildFile; fileRef = 040034982200AC6C00934204 /* DeepLink.swift */; };
		0400349C2200E71000934204 /* CoordinatorFactory.swift in Sources */ = {isa = PBXBuildFile; fileRef = 0400349B2200E71000934204 /* CoordinatorFactory.swift */; };
		0400349F2200E89000934204 /* OnboardingCoordinatorOutput.swift in Sources */ = {isa = PBXBuildFile; fileRef = 0400349E2200E89000934204 /* OnboardingCoordinatorOutput.swift */; };
		040034A12200E8EB00934204 /* OnboardingCoordinator.swift in Sources */ = {isa = PBXBuildFile; fileRef = 040034A02200E8EB00934204 /* OnboardingCoordinator.swift */; };
		040034A32200F14C00934204 /* OnboardingModuleFactory.swift in Sources */ = {isa = PBXBuildFile; fileRef = 040034A22200F14C00934204 /* OnboardingModuleFactory.swift */; };
		040034A52200F30500934204 /* ApplicationCoordinator.swift in Sources */ = {isa = PBXBuildFile; fileRef = 040034A42200F30500934204 /* ApplicationCoordinator.swift */; };
		040034A72201D12F00934204 /* CoordinatorFactoryImp.swift in Sources */ = {isa = PBXBuildFile; fileRef = 040034A62201D12F00934204 /* CoordinatorFactoryImp.swift */; };
		040034A92201D2D100934204 /* ModuleFactoryImp.swift in Sources */ = {isa = PBXBuildFile; fileRef = 040034A82201D2D100934204 /* ModuleFactoryImp.swift */; };
		040034AC2201DC6200934204 /* PageController.swift in Sources */ = {isa = PBXBuildFile; fileRef = 040034AB2201DC6200934204 /* PageController.swift */; };
		040034B22202FE9300934204 /* Page1.swift in Sources */ = {isa = PBXBuildFile; fileRef = 040034B12202FE9300934204 /* Page1.swift */; };
		040034B42202FEB100934204 /* Page2.swift in Sources */ = {isa = PBXBuildFile; fileRef = 040034B32202FEB100934204 /* Page2.swift */; };
		040034B62202FEBA00934204 /* Page3.swift in Sources */ = {isa = PBXBuildFile; fileRef = 040034B52202FEBA00934204 /* Page3.swift */; };
		0426865E21FB92AE00FC90BF /* AppDelegate.swift in Sources */ = {isa = PBXBuildFile; fileRef = 0426865D21FB92AE00FC90BF /* AppDelegate.swift */; };
		0426866321FB92AE00FC90BF /* Main.storyboard in Resources */ = {isa = PBXBuildFile; fileRef = 0426866121FB92AE00FC90BF /* Main.storyboard */; };
		0426866521FB92B000FC90BF /* Assets.xcassets in Resources */ = {isa = PBXBuildFile; fileRef = 0426866421FB92B000FC90BF /* Assets.xcassets */; };
		0426866821FB92B000FC90BF /* LaunchScreen.storyboard in Resources */ = {isa = PBXBuildFile; fileRef = 0426866621FB92B000FC90BF /* LaunchScreen.storyboard */; };
		0426867521FC7B8000FC90BF /* Coordinator.swift in Sources */ = {isa = PBXBuildFile; fileRef = 0426867421FC7B8000FC90BF /* Coordinator.swift */; };
		0426867B21FC802300FC90BF /* StoryboardsEnum.swift in Sources */ = {isa = PBXBuildFile; fileRef = 0426867A21FC802300FC90BF /* StoryboardsEnum.swift */; };
		0426867D21FC812300FC90BF /* Onboarding.storyboard in Resources */ = {isa = PBXBuildFile; fileRef = 0426867C21FC812300FC90BF /* Onboarding.storyboard */; };
		0426867F21FC83C700FC90BF /* Auth.storyboard in Resources */ = {isa = PBXBuildFile; fileRef = 0426867E21FC83C700FC90BF /* Auth.storyboard */; };
		0426868421FC8AEE00FC90BF /* OnboardingView.swift in Sources */ = {isa = PBXBuildFile; fileRef = 0426868321FC8AEE00FC90BF /* OnboardingView.swift */; };
		0426868621FC8B5200FC90BF /* BaseView.swift in Sources */ = {isa = PBXBuildFile; fileRef = 0426868521FC8B5200FC90BF /* BaseView.swift */; };
		0426868821FC8B6F00FC90BF /* UIPresentable.swift in Sources */ = {isa = PBXBuildFile; fileRef = 0426868721FC8B6F00FC90BF /* UIPresentable.swift */; };
		0426868A21FC8D2400FC90BF /* OnBoardingController.swift in Sources */ = {isa = PBXBuildFile; fileRef = 0426868921FC8D2400FC90BF /* OnBoardingController.swift */; };
		045336B02216DCCC001D01F7 /* TabBarView.swift in Sources */ = {isa = PBXBuildFile; fileRef = 045336AF2216DCCC001D01F7 /* TabBarView.swift */; };
		045336B22216DDF9001D01F7 /* TabBarController.swift in Sources */ = {isa = PBXBuildFile; fileRef = 045336B12216DDF9001D01F7 /* TabBarController.swift */; };
		045336B42216E10B001D01F7 /* TabBarCoordinator.swift in Sources */ = {isa = PBXBuildFile; fileRef = 045336B32216E10B001D01F7 /* TabBarCoordinator.swift */; };
		045336B62216EC98001D01F7 /* Items.storyboard in Resources */ = {isa = PBXBuildFile; fileRef = 045336B52216EC98001D01F7 /* Items.storyboard */; };
		045336B92216EFC7001D01F7 /* ItemCoordinator.swift in Sources */ = {isa = PBXBuildFile; fileRef = 045336B82216EFC7001D01F7 /* ItemCoordinator.swift */; };
		045336BB2216F0BA001D01F7 /* ItemModuleFactory.swift in Sources */ = {isa = PBXBuildFile; fileRef = 045336BA2216F0BA001D01F7 /* ItemModuleFactory.swift */; };
		045336BE2216F118001D01F7 /* ItemCollectionView.swift in Sources */ = {isa = PBXBuildFile; fileRef = 045336BD2216F118001D01F7 /* ItemCollectionView.swift */; };
		045336C12216F17E001D01F7 /* Item.swift in Sources */ = {isa = PBXBuildFile; fileRef = 045336C02216F17E001D01F7 /* Item.swift */; };
		045336C32216F21E001D01F7 /* ItemDetailView.swift in Sources */ = {isa = PBXBuildFile; fileRef = 045336C22216F21E001D01F7 /* ItemDetailView.swift */; };
		045336C52216F268001D01F7 /* ItemDetailController.swift in Sources */ = {isa = PBXBuildFile; fileRef = 045336C42216F268001D01F7 /* ItemDetailController.swift */; };
		045336C72216F2FB001D01F7 /* ItemCollectionViewController.swift in Sources */ = {isa = PBXBuildFile; fileRef = 045336C62216F2FB001D01F7 /* ItemCollectionViewController.swift */; };
		045336C9221AAF1A001D01F7 /* CreateItem.storyboard in Resources */ = {isa = PBXBuildFile; fileRef = 045336C8221AAF1A001D01F7 /* CreateItem.storyboard */; };
		045336CC221AB017001D01F7 /* CreateItemCoordinatorOutput.swift in Sources */ = {isa = PBXBuildFile; fileRef = 045336CB221AB017001D01F7 /* CreateItemCoordinatorOutput.swift */; };
		045336CE221AB063001D01F7 /* CreateItemCoordinator.swift in Sources */ = {isa = PBXBuildFile; fileRef = 045336CD221AB063001D01F7 /* CreateItemCoordinator.swift */; };
		045336D1221AB0DB001D01F7 /* CreateItemModuleFactory.swift in Sources */ = {isa = PBXBuildFile; fileRef = 045336D0221AB0DB001D01F7 /* CreateItemModuleFactory.swift */; };
		045336D3221AB125001D01F7 /* CreateItemView.swift in Sources */ = {isa = PBXBuildFile; fileRef = 045336D2221AB125001D01F7 /* CreateItemView.swift */; };
		045336D5221AB17F001D01F7 /* CreateItemController.swift in Sources */ = {isa = PBXBuildFile; fileRef = 045336D4221AB17E001D01F7 /* CreateItemController.swift */; };
		04DC5DA722048A6D00644747 /* AuthCoordinatorOutput.swift in Sources */ = {isa = PBXBuildFile; fileRef = 04DC5DA622048A6D00644747 /* AuthCoordinatorOutput.swift */; };
		04DC5DA922048E7300644747 /* LoginView.swift in Sources */ = {isa = PBXBuildFile; fileRef = 04DC5DA822048E7300644747 /* LoginView.swift */; };
		04DC5DAC22048F0400644747 /* AuthCoordinator.swift in Sources */ = {isa = PBXBuildFile; fileRef = 04DC5DAB22048F0400644747 /* AuthCoordinator.swift */; };
		04DC5DAE22049C2400644747 /* LoginViewController.swift in Sources */ = {isa = PBXBuildFile; fileRef = 04DC5DAD22049C2400644747 /* LoginViewController.swift */; };
		04DC5DB022049C3400644747 /* SignUpViewController.swift in Sources */ = {isa = PBXBuildFile; fileRef = 04DC5DAF22049C3400644747 /* SignUpViewController.swift */; };
		04DC5DB222049C3F00644747 /* TermsViewController.swift in Sources */ = {isa = PBXBuildFile; fileRef = 04DC5DB122049C3F00644747 /* TermsViewController.swift */; };
		04DC5DB622049EF000644747 /* AuthModuleFactory.swift in Sources */ = {isa = PBXBuildFile; fileRef = 04DC5DB522049EF000644747 /* AuthModuleFactory.swift */; };
		04DC5DB822049FB900644747 /* SignUpView.swift in Sources */ = {isa = PBXBuildFile; fileRef = 04DC5DB722049FB900644747 /* SignUpView.swift */; };
		04DC5DBA22049FC200644747 /* TermsView.swift in Sources */ = {isa = PBXBuildFile; fileRef = 04DC5DB922049FC200644747 /* TermsView.swift */; };
		04DC5DBC2204A28300644747 /* StepsView.swift in Sources */ = {isa = PBXBuildFile; fileRef = 04DC5DBB2204A28300644747 /* StepsView.swift */; };
		DD160CBA48DCADEC5374CF88 /* Pods_CoordinatorImplementation.framework in Frameworks */ = {isa = PBXBuildFile; fileRef = 080492F89FEFD0AFA6A9A06C /* Pods_CoordinatorImplementation.framework */; };
/* End PBXBuildFile section */

/* Begin PBXFileReference section */
		04003483220099F100934204 /* BaseCoordinator.swift */ = {isa = PBXFileReference; lastKnownFileType = sourcecode.swift; path = BaseCoordinator.swift; sourceTree = "<group>"; };
		040034862200A11100934204 /* UIViewExtensions.swift */ = {isa = PBXFileReference; fileEncoding = 4; lastKnownFileType = sourcecode.swift; path = UIViewExtensions.swift; sourceTree = "<group>"; };
		040034872200A11100934204 /* NSObjectExtensions.swift */ = {isa = PBXFileReference; fileEncoding = 4; lastKnownFileType = sourcecode.swift; path = NSObjectExtensions.swift; sourceTree = "<group>"; };
		040034882200A11100934204 /* UIViewControllerExtension.swift */ = {isa = PBXFileReference; fileEncoding = 4; lastKnownFileType = sourcecode.swift; path = UIViewControllerExtension.swift; sourceTree = "<group>"; };
		0400348D2200A1FB00934204 /* Coordinator.h */ = {isa = PBXFileReference; lastKnownFileType = sourcecode.c.h; path = Coordinator.h; sourceTree = "<group>"; };
		040034932200A5C900934204 /* Router.swift */ = {isa = PBXFileReference; lastKnownFileType = sourcecode.swift; path = Router.swift; sourceTree = "<group>"; };
		040034962200A5D600934204 /* RouterImp.swift */ = {isa = PBXFileReference; lastKnownFileType = sourcecode.swift; path = RouterImp.swift; sourceTree = "<group>"; };
		040034982200AC6C00934204 /* DeepLink.swift */ = {isa = PBXFileReference; lastKnownFileType = sourcecode.swift; path = DeepLink.swift; sourceTree = "<group>"; };
		0400349B2200E71000934204 /* CoordinatorFactory.swift */ = {isa = PBXFileReference; lastKnownFileType = sourcecode.swift; path = CoordinatorFactory.swift; sourceTree = "<group>"; };
		0400349E2200E89000934204 /* OnboardingCoordinatorOutput.swift */ = {isa = PBXFileReference; lastKnownFileType = sourcecode.swift; path = OnboardingCoordinatorOutput.swift; sourceTree = "<group>"; };
		040034A02200E8EB00934204 /* OnboardingCoordinator.swift */ = {isa = PBXFileReference; lastKnownFileType = sourcecode.swift; path = OnboardingCoordinator.swift; sourceTree = "<group>"; };
		040034A22200F14C00934204 /* OnboardingModuleFactory.swift */ = {isa = PBXFileReference; lastKnownFileType = sourcecode.swift; path = OnboardingModuleFactory.swift; sourceTree = "<group>"; };
		040034A42200F30500934204 /* ApplicationCoordinator.swift */ = {isa = PBXFileReference; lastKnownFileType = sourcecode.swift; path = ApplicationCoordinator.swift; sourceTree = "<group>"; };
		040034A62201D12F00934204 /* CoordinatorFactoryImp.swift */ = {isa = PBXFileReference; lastKnownFileType = sourcecode.swift; path = CoordinatorFactoryImp.swift; sourceTree = "<group>"; };
		040034A82201D2D100934204 /* ModuleFactoryImp.swift */ = {isa = PBXFileReference; lastKnownFileType = sourcecode.swift; path = ModuleFactoryImp.swift; sourceTree = "<group>"; };
		040034AB2201DC6200934204 /* PageController.swift */ = {isa = PBXFileReference; lastKnownFileType = sourcecode.swift; path = PageController.swift; sourceTree = "<group>"; };
		040034B12202FE9300934204 /* Page1.swift */ = {isa = PBXFileReference; lastKnownFileType = sourcecode.swift; path = Page1.swift; sourceTree = "<group>"; };
		040034B32202FEB100934204 /* Page2.swift */ = {isa = PBXFileReference; lastKnownFileType = sourcecode.swift; path = Page2.swift; sourceTree = "<group>"; };
		040034B52202FEBA00934204 /* Page3.swift */ = {isa = PBXFileReference; lastKnownFileType = sourcecode.swift; path = Page3.swift; sourceTree = "<group>"; };
		0426865A21FB92AE00FC90BF /* CoordinatorImplementation.app */ = {isa = PBXFileReference; explicitFileType = wrapper.application; includeInIndex = 0; path = CoordinatorImplementation.app; sourceTree = BUILT_PRODUCTS_DIR; };
		0426865D21FB92AE00FC90BF /* AppDelegate.swift */ = {isa = PBXFileReference; lastKnownFileType = sourcecode.swift; path = AppDelegate.swift; sourceTree = "<group>"; };
		0426866221FB92AE00FC90BF /* Base */ = {isa = PBXFileReference; lastKnownFileType = file.storyboard; name = Base; path = Base.lproj/Main.storyboard; sourceTree = "<group>"; };
		0426866421FB92B000FC90BF /* Assets.xcassets */ = {isa = PBXFileReference; lastKnownFileType = folder.assetcatalog; path = Assets.xcassets; sourceTree = "<group>"; };
		0426866721FB92B000FC90BF /* Base */ = {isa = PBXFileReference; lastKnownFileType = file.storyboard; name = Base; path = Base.lproj/LaunchScreen.storyboard; sourceTree = "<group>"; };
		0426866921FB92B000FC90BF /* Info.plist */ = {isa = PBXFileReference; lastKnownFileType = text.plist.xml; path = Info.plist; sourceTree = "<group>"; };
		0426867421FC7B8000FC90BF /* Coordinator.swift */ = {isa = PBXFileReference; lastKnownFileType = sourcecode.swift; path = Coordinator.swift; sourceTree = "<group>"; };
		0426867A21FC802300FC90BF /* StoryboardsEnum.swift */ = {isa = PBXFileReference; lastKnownFileType = sourcecode.swift; path = StoryboardsEnum.swift; sourceTree = "<group>"; };
		0426867C21FC812300FC90BF /* Onboarding.storyboard */ = {isa = PBXFileReference; lastKnownFileType = file.storyboard; path = Onboarding.storyboard; sourceTree = "<group>"; };
		0426867E21FC83C700FC90BF /* Auth.storyboard */ = {isa = PBXFileReference; lastKnownFileType = file.storyboard; path = Auth.storyboard; sourceTree = "<group>"; };
		0426868321FC8AEE00FC90BF /* OnboardingView.swift */ = {isa = PBXFileReference; lastKnownFileType = sourcecode.swift; path = OnboardingView.swift; sourceTree = "<group>"; };
		0426868521FC8B5200FC90BF /* BaseView.swift */ = {isa = PBXFileReference; lastKnownFileType = sourcecode.swift; path = BaseView.swift; sourceTree = "<group>"; };
		0426868721FC8B6F00FC90BF /* UIPresentable.swift */ = {isa = PBXFileReference; lastKnownFileType = sourcecode.swift; path = UIPresentable.swift; sourceTree = "<group>"; };
		0426868921FC8D2400FC90BF /* OnBoardingController.swift */ = {isa = PBXFileReference; lastKnownFileType = sourcecode.swift; path = OnBoardingController.swift; sourceTree = "<group>"; };
		045336AF2216DCCC001D01F7 /* TabBarView.swift */ = {isa = PBXFileReference; lastKnownFileType = sourcecode.swift; path = TabBarView.swift; sourceTree = "<group>"; };
		045336B12216DDF9001D01F7 /* TabBarController.swift */ = {isa = PBXFileReference; lastKnownFileType = sourcecode.swift; path = TabBarController.swift; sourceTree = "<group>"; };
		045336B32216E10B001D01F7 /* TabBarCoordinator.swift */ = {isa = PBXFileReference; lastKnownFileType = sourcecode.swift; path = TabBarCoordinator.swift; sourceTree = "<group>"; };
		045336B52216EC98001D01F7 /* Items.storyboard */ = {isa = PBXFileReference; lastKnownFileType = file.storyboard; path = Items.storyboard; sourceTree = "<group>"; };
		045336B82216EFC7001D01F7 /* ItemCoordinator.swift */ = {isa = PBXFileReference; lastKnownFileType = sourcecode.swift; path = ItemCoordinator.swift; sourceTree = "<group>"; };
		045336BA2216F0BA001D01F7 /* ItemModuleFactory.swift */ = {isa = PBXFileReference; lastKnownFileType = sourcecode.swift; path = ItemModuleFactory.swift; sourceTree = "<group>"; };
		045336BD2216F118001D01F7 /* ItemCollectionView.swift */ = {isa = PBXFileReference; lastKnownFileType = sourcecode.swift; path = ItemCollectionView.swift; sourceTree = "<group>"; };
		045336C02216F17E001D01F7 /* Item.swift */ = {isa = PBXFileReference; lastKnownFileType = sourcecode.swift; path = Item.swift; sourceTree = "<group>"; };
		045336C22216F21E001D01F7 /* ItemDetailView.swift */ = {isa = PBXFileReference; lastKnownFileType = sourcecode.swift; path = ItemDetailView.swift; sourceTree = "<group>"; };
		045336C42216F268001D01F7 /* ItemDetailController.swift */ = {isa = PBXFileReference; lastKnownFileType = sourcecode.swift; path = ItemDetailController.swift; sourceTree = "<group>"; };
		045336C62216F2FB001D01F7 /* ItemCollectionViewController.swift */ = {isa = PBXFileReference; lastKnownFileType = sourcecode.swift; path = ItemCollectionViewController.swift; sourceTree = "<group>"; };
		045336C8221AAF1A001D01F7 /* CreateItem.storyboard */ = {isa = PBXFileReference; lastKnownFileType = file.storyboard; path = CreateItem.storyboard; sourceTree = "<group>"; };
		045336CB221AB017001D01F7 /* CreateItemCoordinatorOutput.swift */ = {isa = PBXFileReference; lastKnownFileType = sourcecode.swift; path = CreateItemCoordinatorOutput.swift; sourceTree = "<group>"; };
		045336CD221AB063001D01F7 /* CreateItemCoordinator.swift */ = {isa = PBXFileReference; lastKnownFileType = sourcecode.swift; path = CreateItemCoordinator.swift; sourceTree = "<group>"; };
		045336D0221AB0DB001D01F7 /* CreateItemModuleFactory.swift */ = {isa = PBXFileReference; lastKnownFileType = sourcecode.swift; path = CreateItemModuleFactory.swift; sourceTree = "<group>"; };
		045336D2221AB125001D01F7 /* CreateItemView.swift */ = {isa = PBXFileReference; lastKnownFileType = sourcecode.swift; path = CreateItemView.swift; sourceTree = "<group>"; };
		045336D4221AB17E001D01F7 /* CreateItemController.swift */ = {isa = PBXFileReference; lastKnownFileType = sourcecode.swift; path = CreateItemController.swift; sourceTree = "<group>"; };
		04DC5DA622048A6D00644747 /* AuthCoordinatorOutput.swift */ = {isa = PBXFileReference; lastKnownFileType = sourcecode.swift; path = AuthCoordinatorOutput.swift; sourceTree = "<group>"; };
		04DC5DA822048E7300644747 /* LoginView.swift */ = {isa = PBXFileReference; lastKnownFileType = sourcecode.swift; path = LoginView.swift; sourceTree = "<group>"; };
		04DC5DAB22048F0400644747 /* AuthCoordinator.swift */ = {isa = PBXFileReference; lastKnownFileType = sourcecode.swift; path = AuthCoordinator.swift; sourceTree = "<group>"; };
		04DC5DAD22049C2400644747 /* LoginViewController.swift */ = {isa = PBXFileReference; lastKnownFileType = sourcecode.swift; path = LoginViewController.swift; sourceTree = "<group>"; };
		04DC5DAF22049C3400644747 /* SignUpViewController.swift */ = {isa = PBXFileReference; lastKnownFileType = sourcecode.swift; path = SignUpViewController.swift; sourceTree = "<group>"; };
		04DC5DB122049C3F00644747 /* TermsViewController.swift */ = {isa = PBXFileReference; lastKnownFileType = sourcecode.swift; path = TermsViewController.swift; sourceTree = "<group>"; };
		04DC5DB522049EF000644747 /* AuthModuleFactory.swift */ = {isa = PBXFileReference; lastKnownFileType = sourcecode.swift; path = AuthModuleFactory.swift; sourceTree = "<group>"; };
		04DC5DB722049FB900644747 /* SignUpView.swift */ = {isa = PBXFileReference; lastKnownFileType = sourcecode.swift; path = SignUpView.swift; sourceTree = "<group>"; };
		04DC5DB922049FC200644747 /* TermsView.swift */ = {isa = PBXFileReference; lastKnownFileType = sourcecode.swift; path = TermsView.swift; sourceTree = "<group>"; };
		04DC5DBB2204A28300644747 /* StepsView.swift */ = {isa = PBXFileReference; lastKnownFileType = sourcecode.swift; path = StepsView.swift; sourceTree = "<group>"; };
		080492F89FEFD0AFA6A9A06C /* Pods_CoordinatorImplementation.framework */ = {isa = PBXFileReference; explicitFileType = wrapper.framework; includeInIndex = 0; path = Pods_CoordinatorImplementation.framework; sourceTree = BUILT_PRODUCTS_DIR; };
		1D7AEEE6E524E777C42306AA /* Pods-CoordinatorImplementation.debug.xcconfig */ = {isa = PBXFileReference; includeInIndex = 1; lastKnownFileType = text.xcconfig; name = "Pods-CoordinatorImplementation.debug.xcconfig"; path = "Pods/Target Support Files/Pods-CoordinatorImplementation/Pods-CoordinatorImplementation.debug.xcconfig"; sourceTree = "<group>"; };
		692D7E2EC8FADBD7B46A236A /* Pods-CoordinatorImplementation.release.xcconfig */ = {isa = PBXFileReference; includeInIndex = 1; lastKnownFileType = text.xcconfig; name = "Pods-CoordinatorImplementation.release.xcconfig"; path = "Pods/Target Support Files/Pods-CoordinatorImplementation/Pods-CoordinatorImplementation.release.xcconfig"; sourceTree = "<group>"; };
/* End PBXFileReference section */

/* Begin PBXFrameworksBuildPhase section */
		0426865721FB92AE00FC90BF /* Frameworks */ = {
			isa = PBXFrameworksBuildPhase;
			buildActionMask = 2147483647;
			files = (
				DD160CBA48DCADEC5374CF88 /* Pods_CoordinatorImplementation.framework in Frameworks */,
			);
			runOnlyForDeploymentPostprocessing = 0;
		};
/* End PBXFrameworksBuildPhase section */

/* Begin PBXGroup section */
		04003482220099DD00934204 /* Parents */ = {
			isa = PBXGroup;
			children = (
				04003483220099F100934204 /* BaseCoordinator.swift */,
			);
			path = Parents;
			sourceTree = "<group>";
		};
		040034852200A10200934204 /* Extensions */ = {
			isa = PBXGroup;
			children = (
				040034882200A11100934204 /* UIViewControllerExtension.swift */,
				040034862200A11100934204 /* UIViewExtensions.swift */,
				040034872200A11100934204 /* NSObjectExtensions.swift */,
			);
			path = Extensions;
			sourceTree = "<group>";
		};
		0400348E2200A2BA00934204 /* Resources */ = {
			isa = PBXGroup;
			children = (
				0426866421FB92B000FC90BF /* Assets.xcassets */,
				0426866621FB92B000FC90BF /* LaunchScreen.storyboard */,
				0426866921FB92B000FC90BF /* Info.plist */,
				0400348D2200A1FB00934204 /* Coordinator.h */,
			);
			name = Resources;
			sourceTree = "<group>";
		};
		0400348F2200A39C00934204 /* Application */ = {
			isa = PBXGroup;
			children = (
				0426865D21FB92AE00FC90BF /* AppDelegate.swift */,
				040034A42200F30500934204 /* ApplicationCoordinator.swift */,
			);
			path = Application;
			sourceTree = "<group>";
		};
		040034902200A50D00934204 /* App */ = {
			isa = PBXGroup;
			children = (
				0400348F2200A39C00934204 /* Application */,
				0426867321FC7B7200FC90BF /* CoordinatorProtocols */,
				0400349A2200E6F200934204 /* Factories */,
				0426868021FC8A4600FC90BF /* Flows */,
				04003482220099DD00934204 /* Parents */,
				040034922200A5B300934204 /* Router */,
				0426867921FC7FAA00FC90BF /* Storyboards */,
			);
			path = App;
			sourceTree = "<group>";
		};
		040034912200A52A00934204 /* Model */ = {
			isa = PBXGroup;
			children = (
			);
			path = Model;
			sourceTree = "<group>";
		};
		040034922200A5B300934204 /* Router */ = {
			isa = PBXGroup;
			children = (
				040034952200A5CC00934204 /* Imp */,
				040034932200A5C900934204 /* Router.swift */,
			);
			path = Router;
			sourceTree = "<group>";
		};
		040034952200A5CC00934204 /* Imp */ = {
			isa = PBXGroup;
			children = (
				040034962200A5D600934204 /* RouterImp.swift */,
			);
			path = Imp;
			sourceTree = "<group>";
		};
		0400349A2200E6F200934204 /* Factories */ = {
			isa = PBXGroup;
			children = (
				0400349D2200E71400934204 /* Imp */,
				0400349B2200E71000934204 /* CoordinatorFactory.swift */,
				040034A22200F14C00934204 /* OnboardingModuleFactory.swift */,
				04DC5DB522049EF000644747 /* AuthModuleFactory.swift */,
				045336BA2216F0BA001D01F7 /* ItemModuleFactory.swift */,
				045336D0221AB0DB001D01F7 /* CreateItemModuleFactory.swift */,
			);
			path = Factories;
			sourceTree = "<group>";
		};
		0400349D2200E71400934204 /* Imp */ = {
			isa = PBXGroup;
			children = (
				040034A62201D12F00934204 /* CoordinatorFactoryImp.swift */,
				040034A82201D2D100934204 /* ModuleFactoryImp.swift */,
			);
			path = Imp;
			sourceTree = "<group>";
		};
		0426865121FB92AE00FC90BF = {
			isa = PBXGroup;
			children = (
				0426865C21FB92AE00FC90BF /* CoordinatorImplementation */,
				0426865B21FB92AE00FC90BF /* Products */,
				B56B5D561892CF22183A010B /* Pods */,
				7D6A1E9D10E7316126209FBA /* Frameworks */,
			);
			sourceTree = "<group>";
		};
		0426865B21FB92AE00FC90BF /* Products */ = {
			isa = PBXGroup;
			children = (
				0426865A21FB92AE00FC90BF /* CoordinatorImplementation.app */,
			);
			name = Products;
			sourceTree = "<group>";
		};
		0426865C21FB92AE00FC90BF /* CoordinatorImplementation */ = {
			isa = PBXGroup;
			children = (
				040034902200A50D00934204 /* App */,
				040034852200A10200934204 /* Extensions */,
				040034912200A52A00934204 /* Model */,
				0400348E2200A2BA00934204 /* Resources */,
			);
			path = CoordinatorImplementation;
			sourceTree = "<group>";
		};
		0426867321FC7B7200FC90BF /* CoordinatorProtocols */ = {
			isa = PBXGroup;
			children = (
				0426867421FC7B8000FC90BF /* Coordinator.swift */,
				0426868521FC8B5200FC90BF /* BaseView.swift */,
				0426868721FC8B6F00FC90BF /* UIPresentable.swift */,
				040034982200AC6C00934204 /* DeepLink.swift */,
			);
			path = CoordinatorProtocols;
			sourceTree = "<group>";
		};
		0426867921FC7FAA00FC90BF /* Storyboards */ = {
			isa = PBXGroup;
			children = (
				0426867A21FC802300FC90BF /* StoryboardsEnum.swift */,
				0426866121FB92AE00FC90BF /* Main.storyboard */,
				0426867C21FC812300FC90BF /* Onboarding.storyboard */,
				0426867E21FC83C700FC90BF /* Auth.storyboard */,
				045336B52216EC98001D01F7 /* Items.storyboard */,
				045336C8221AAF1A001D01F7 /* CreateItem.storyboard */,
			);
			path = Storyboards;
			sourceTree = "<group>";
		};
		0426868021FC8A4600FC90BF /* Flows */ = {
			isa = PBXGroup;
			children = (
				045336B72216EF82001D01F7 /* ItemsFlow */,
				045336CA221AAFF3001D01F7 /* CreateItemFlow */,
				045336AE2216DC80001D01F7 /* MainTabBarFlow */,
				04DC5DA52204888500644747 /* AuthFlow */,
				0426868121FC8A5300FC90BF /* OnboardingFlow */,
			);
			path = Flows;
			sourceTree = "<group>";
		};
		0426868121FC8A5300FC90BF /* OnboardingFlow */ = {
			isa = PBXGroup;
			children = (
				0400349E2200E89000934204 /* OnboardingCoordinatorOutput.swift */,
				040034A02200E8EB00934204 /* OnboardingCoordinator.swift */,
				0426868221FC8A7D00FC90BF /* VC */,
			);
			path = OnboardingFlow;
			sourceTree = "<group>";
		};
		0426868221FC8A7D00FC90BF /* VC */ = {
			isa = PBXGroup;
			children = (
				0426868321FC8AEE00FC90BF /* OnboardingView.swift */,
				04DC5DBB2204A28300644747 /* StepsView.swift */,
				0426868921FC8D2400FC90BF /* OnBoardingController.swift */,
				040034AB2201DC6200934204 /* PageController.swift */,
				040034B12202FE9300934204 /* Page1.swift */,
				040034B32202FEB100934204 /* Page2.swift */,
				040034B52202FEBA00934204 /* Page3.swift */,
			);
			path = VC;
			sourceTree = "<group>";
		};
		045336AE2216DC80001D01F7 /* MainTabBarFlow */ = {
			isa = PBXGroup;
			children = (
				045336B32216E10B001D01F7 /* TabBarCoordinator.swift */,
				045336AF2216DCCC001D01F7 /* TabBarView.swift */,
				045336B12216DDF9001D01F7 /* TabBarController.swift */,
			);
			path = MainTabBarFlow;
			sourceTree = "<group>";
		};
		045336B72216EF82001D01F7 /* ItemsFlow */ = {
			isa = PBXGroup;
			children = (
				045336B82216EFC7001D01F7 /* ItemCoordinator.swift */,
				045336BF2216F167001D01F7 /* Model */,
				045336BC2216F0FF001D01F7 /* VC */,
			);
			path = ItemsFlow;
			sourceTree = "<group>";
		};
		045336BC2216F0FF001D01F7 /* VC */ = {
			isa = PBXGroup;
			children = (
				045336BD2216F118001D01F7 /* ItemCollectionView.swift */,
				045336C22216F21E001D01F7 /* ItemDetailView.swift */,
				045336C42216F268001D01F7 /* ItemDetailController.swift */,
				045336C62216F2FB001D01F7 /* ItemCollectionViewController.swift */,
			);
			path = VC;
			sourceTree = "<group>";
		};
		045336BF2216F167001D01F7 /* Model */ = {
			isa = PBXGroup;
			children = (
				045336C02216F17E001D01F7 /* Item.swift */,
			);
			path = Model;
			sourceTree = "<group>";
		};
		045336CA221AAFF3001D01F7 /* CreateItemFlow */ = {
			isa = PBXGroup;
			children = (
				045336CD221AB063001D01F7 /* CreateItemCoordinator.swift */,
				045336CB221AB017001D01F7 /* CreateItemCoordinatorOutput.swift */,
				045336CF221AB086001D01F7 /* VC */,
			);
			path = CreateItemFlow;
			sourceTree = "<group>";
		};
		045336CF221AB086001D01F7 /* VC */ = {
			isa = PBXGroup;
			children = (
				045336D2221AB125001D01F7 /* CreateItemView.swift */,
				045336D4221AB17E001D01F7 /* CreateItemController.swift */,
			);
			path = VC;
			sourceTree = "<group>";
		};
		04DC5DA52204888500644747 /* AuthFlow */ = {
			isa = PBXGroup;
			children = (
				04DC5DAB22048F0400644747 /* AuthCoordinator.swift */,
				04DC5DA622048A6D00644747 /* AuthCoordinatorOutput.swift */,
				04DC5DAA22048E7800644747 /* VC */,
			);
			path = AuthFlow;
			sourceTree = "<group>";
		};
		04DC5DAA22048E7800644747 /* VC */ = {
			isa = PBXGroup;
			children = (
				04DC5DB422049C6400644747 /* VM */,
				04DC5DA822048E7300644747 /* LoginView.swift */,
				04DC5DB722049FB900644747 /* SignUpView.swift */,
				04DC5DB922049FC200644747 /* TermsView.swift */,
				04DC5DAD22049C2400644747 /* LoginViewController.swift */,
				04DC5DAF22049C3400644747 /* SignUpViewController.swift */,
				04DC5DB122049C3F00644747 /* TermsViewController.swift */,
			);
			path = VC;
			sourceTree = "<group>";
		};
		04DC5DB422049C6400644747 /* VM */ = {
			isa = PBXGroup;
			children = (
			);
			path = VM;
			sourceTree = "<group>";
		};
		7D6A1E9D10E7316126209FBA /* Frameworks */ = {
			isa = PBXGroup;
			children = (
				080492F89FEFD0AFA6A9A06C /* Pods_CoordinatorImplementation.framework */,
			);
			name = Frameworks;
			sourceTree = "<group>";
		};
		B56B5D561892CF22183A010B /* Pods */ = {
			isa = PBXGroup;
			children = (
				1D7AEEE6E524E777C42306AA /* Pods-CoordinatorImplementation.debug.xcconfig */,
				692D7E2EC8FADBD7B46A236A /* Pods-CoordinatorImplementation.release.xcconfig */,
			);
			name = Pods;
			sourceTree = "<group>";
		};
/* End PBXGroup section */

/* Begin PBXNativeTarget section */
		0426865921FB92AE00FC90BF /* CoordinatorImplementation */ = {
			isa = PBXNativeTarget;
			buildConfigurationList = 0426866C21FB92B000FC90BF /* Build configuration list for PBXNativeTarget "CoordinatorImplementation" */;
			buildPhases = (
				2F97C0E15E6E649FB9525CE1 /* [CP] Check Pods Manifest.lock */,
				0426865621FB92AE00FC90BF /* Sources */,
				0426865721FB92AE00FC90BF /* Frameworks */,
				0426865821FB92AE00FC90BF /* Resources */,
			);
			buildRules = (
			);
			dependencies = (
			);
			name = CoordinatorImplementation;
			productName = CoordinatorImplementation;
			productReference = 0426865A21FB92AE00FC90BF /* CoordinatorImplementation.app */;
			productType = "com.apple.product-type.application";
		};
/* End PBXNativeTarget section */

/* Begin PBXProject section */
		0426865221FB92AE00FC90BF /* Project object */ = {
			isa = PBXProject;
			attributes = {
				LastSwiftUpdateCheck = 1010;
				LastUpgradeCheck = 1010;
				ORGANIZATIONNAME = "Andrian Sergheev";
				TargetAttributes = {
					0426865921FB92AE00FC90BF = {
						CreatedOnToolsVersion = 10.1;
					};
				};
			};
			buildConfigurationList = 0426865521FB92AE00FC90BF /* Build configuration list for PBXProject "CoordinatorImplementation" */;
			compatibilityVersion = "Xcode 9.3";
			developmentRegion = en;
			hasScannedForEncodings = 0;
			knownRegions = (
				en,
				Base,
			);
			mainGroup = 0426865121FB92AE00FC90BF;
			productRefGroup = 0426865B21FB92AE00FC90BF /* Products */;
			projectDirPath = "";
			projectRoot = "";
			targets = (
				0426865921FB92AE00FC90BF /* CoordinatorImplementation */,
			);
		};
/* End PBXProject section */

/* Begin PBXResourcesBuildPhase section */
		0426865821FB92AE00FC90BF /* Resources */ = {
			isa = PBXResourcesBuildPhase;
			buildActionMask = 2147483647;
			files = (
				0426866821FB92B000FC90BF /* LaunchScreen.storyboard in Resources */,
				0426866521FB92B000FC90BF /* Assets.xcassets in Resources */,
				0426867F21FC83C700FC90BF /* Auth.storyboard in Resources */,
				045336C9221AAF1A001D01F7 /* CreateItem.storyboard in Resources */,
				045336B62216EC98001D01F7 /* Items.storyboard in Resources */,
				0426866321FB92AE00FC90BF /* Main.storyboard in Resources */,
				0426867D21FC812300FC90BF /* Onboarding.storyboard in Resources */,
			);
			runOnlyForDeploymentPostprocessing = 0;
		};
/* End PBXResourcesBuildPhase section */

/* Begin PBXShellScriptBuildPhase section */
		2F97C0E15E6E649FB9525CE1 /* [CP] Check Pods Manifest.lock */ = {
			isa = PBXShellScriptBuildPhase;
			buildActionMask = 2147483647;
			files = (
			);
			inputFileListPaths = (
			);
			inputPaths = (
				"${PODS_PODFILE_DIR_PATH}/Podfile.lock",
				"${PODS_ROOT}/Manifest.lock",
			);
			name = "[CP] Check Pods Manifest.lock";
			outputFileListPaths = (
			);
			outputPaths = (
				"$(DERIVED_FILE_DIR)/Pods-CoordinatorImplementation-checkManifestLockResult.txt",
			);
			runOnlyForDeploymentPostprocessing = 0;
			shellPath = /bin/sh;
			shellScript = "diff \"${PODS_PODFILE_DIR_PATH}/Podfile.lock\" \"${PODS_ROOT}/Manifest.lock\" > /dev/null\nif [ $? != 0 ] ; then\n    # print error to STDERR\n    echo \"error: The sandbox is not in sync with the Podfile.lock. Run 'pod install' or update your CocoaPods installation.\" >&2\n    exit 1\nfi\n# This output is used by Xcode 'outputs' to avoid re-running this script phase.\necho \"SUCCESS\" > \"${SCRIPT_OUTPUT_FILE_0}\"\n";
			showEnvVarsInLog = 0;
		};
/* End PBXShellScriptBuildPhase section */

/* Begin PBXSourcesBuildPhase section */
		0426865621FB92AE00FC90BF /* Sources */ = {
			isa = PBXSourcesBuildPhase;
			buildActionMask = 2147483647;
			files = (
				040034B22202FE9300934204 /* Page1.swift in Sources */,
				045336C32216F21E001D01F7 /* ItemDetailView.swift in Sources */,
				0426867521FC7B8000FC90BF /* Coordinator.swift in Sources */,
				045336C52216F268001D01F7 /* ItemDetailController.swift in Sources */,
				04DC5DB622049EF000644747 /* AuthModuleFactory.swift in Sources */,
				045336D3221AB125001D01F7 /* CreateItemView.swift in Sources */,
				04DC5DBC2204A28300644747 /* StepsView.swift in Sources */,
				045336C12216F17E001D01F7 /* Item.swift in Sources */,
				040034A32200F14C00934204 /* OnboardingModuleFactory.swift in Sources */,
				040034AC2201DC6200934204 /* PageController.swift in Sources */,
				045336D1221AB0DB001D01F7 /* CreateItemModuleFactory.swift in Sources */,
				045336CE221AB063001D01F7 /* CreateItemCoordinator.swift in Sources */,
				040034992200AC6C00934204 /* DeepLink.swift in Sources */,
				045336BB2216F0BA001D01F7 /* ItemModuleFactory.swift in Sources */,
				04DC5DAE22049C2400644747 /* LoginViewController.swift in Sources */,
				045336CC221AB017001D01F7 /* CreateItemCoordinatorOutput.swift in Sources */,
				040034B42202FEB100934204 /* Page2.swift in Sources */,
				0400348A2200A11200934204 /* NSObjectExtensions.swift in Sources */,
				045336D5221AB17F001D01F7 /* CreateItemController.swift in Sources */,
				045336B42216E10B001D01F7 /* TabBarCoordinator.swift in Sources */,
				045336B02216DCCC001D01F7 /* TabBarView.swift in Sources */,
				0426867B21FC802300FC90BF /* StoryboardsEnum.swift in Sources */,
				045336C72216F2FB001D01F7 /* ItemCollectionViewController.swift in Sources */,
				0426868621FC8B5200FC90BF /* BaseView.swift in Sources */,
				040034942200A5C900934204 /* Router.swift in Sources */,
				040034B62202FEBA00934204 /* Page3.swift in Sources */,
				0426868A21FC8D2400FC90BF /* OnBoardingController.swift in Sources */,
				040034A72201D12F00934204 /* CoordinatorFactoryImp.swift in Sources */,
				040034972200A5D600934204 /* RouterImp.swift in Sources */,
				04DC5DB822049FB900644747 /* SignUpView.swift in Sources */,
				04DC5DB222049C3F00644747 /* TermsViewController.swift in Sources */,
				040034A92201D2D100934204 /* ModuleFactoryImp.swift in Sources */,
				0426868421FC8AEE00FC90BF /* OnboardingView.swift in Sources */,
				0400349C2200E71000934204 /* CoordinatorFactory.swift in Sources */,
				0426865E21FB92AE00FC90BF /* AppDelegate.swift in Sources */,
				04DC5DAC22048F0400644747 /* AuthCoordinator.swift in Sources */,
				0426868821FC8B6F00FC90BF /* UIPresentable.swift in Sources */,
				0400349F2200E89000934204 /* OnboardingCoordinatorOutput.swift in Sources */,
				040034892200A11200934204 /* UIViewExtensions.swift in Sources */,
				045336B92216EFC7001D01F7 /* ItemCoordinator.swift in Sources */,
				04DC5DA922048E7300644747 /* LoginView.swift in Sources */,
				04DC5DB022049C3400644747 /* SignUpViewController.swift in Sources */,
				040034A52200F30500934204 /* ApplicationCoordinator.swift in Sources */,
				0400348B2200A11200934204 /* UIViewControllerExtension.swift in Sources */,
				045336B22216DDF9001D01F7 /* TabBarController.swift in Sources */,
				045336BE2216F118001D01F7 /* ItemCollectionView.swift in Sources */,
				04003484220099F100934204 /* BaseCoordinator.swift in Sources */,
				040034A12200E8EB00934204 /* OnboardingCoordinator.swift in Sources */,
				04DC5DBA22049FC200644747 /* TermsView.swift in Sources */,
				04DC5DA722048A6D00644747 /* AuthCoordinatorOutput.swift in Sources */,
			);
			runOnlyForDeploymentPostprocessing = 0;
		};
/* End PBXSourcesBuildPhase section */

/* Begin PBXVariantGroup section */
		0426866121FB92AE00FC90BF /* Main.storyboard */ = {
			isa = PBXVariantGroup;
			children = (
				0426866221FB92AE00FC90BF /* Base */,
			);
			name = Main.storyboard;
			sourceTree = "<group>";
		};
		0426866621FB92B000FC90BF /* LaunchScreen.storyboard */ = {
			isa = PBXVariantGroup;
			children = (
				0426866721FB92B000FC90BF /* Base */,
			);
			name = LaunchScreen.storyboard;
			sourceTree = "<group>";
		};
/* End PBXVariantGroup section */

/* Begin XCBuildConfiguration section */
		0426866A21FB92B000FC90BF /* Debug */ = {
			isa = XCBuildConfiguration;
			buildSettings = {
				ALWAYS_SEARCH_USER_PATHS = NO;
				CLANG_ANALYZER_NONNULL = YES;
				CLANG_ANALYZER_NUMBER_OBJECT_CONVERSION = YES_AGGRESSIVE;
				CLANG_CXX_LANGUAGE_STANDARD = "gnu++14";
				CLANG_CXX_LIBRARY = "libc++";
				CLANG_ENABLE_MODULES = YES;
				CLANG_ENABLE_OBJC_ARC = YES;
				CLANG_ENABLE_OBJC_WEAK = YES;
				CLANG_WARN_BLOCK_CAPTURE_AUTORELEASING = YES;
				CLANG_WARN_BOOL_CONVERSION = YES;
				CLANG_WARN_COMMA = YES;
				CLANG_WARN_CONSTANT_CONVERSION = YES;
				CLANG_WARN_DEPRECATED_OBJC_IMPLEMENTATIONS = YES;
				CLANG_WARN_DIRECT_OBJC_ISA_USAGE = YES_ERROR;
				CLANG_WARN_DOCUMENTATION_COMMENTS = YES;
				CLANG_WARN_EMPTY_BODY = YES;
				CLANG_WARN_ENUM_CONVERSION = YES;
				CLANG_WARN_INFINITE_RECURSION = YES;
				CLANG_WARN_INT_CONVERSION = YES;
				CLANG_WARN_NON_LITERAL_NULL_CONVERSION = YES;
				CLANG_WARN_OBJC_IMPLICIT_RETAIN_SELF = YES;
				CLANG_WARN_OBJC_LITERAL_CONVERSION = YES;
				CLANG_WARN_OBJC_ROOT_CLASS = YES_ERROR;
				CLANG_WARN_RANGE_LOOP_ANALYSIS = YES;
				CLANG_WARN_STRICT_PROTOTYPES = YES;
				CLANG_WARN_SUSPICIOUS_MOVE = YES;
				CLANG_WARN_UNGUARDED_AVAILABILITY = YES_AGGRESSIVE;
				CLANG_WARN_UNREACHABLE_CODE = YES;
				CLANG_WARN__DUPLICATE_METHOD_MATCH = YES;
				CODE_SIGN_IDENTITY = "iPhone Developer";
				COPY_PHASE_STRIP = NO;
				DEBUG_INFORMATION_FORMAT = dwarf;
				ENABLE_STRICT_OBJC_MSGSEND = YES;
				ENABLE_TESTABILITY = YES;
				GCC_C_LANGUAGE_STANDARD = gnu11;
				GCC_DYNAMIC_NO_PIC = NO;
				GCC_NO_COMMON_BLOCKS = YES;
				GCC_OPTIMIZATION_LEVEL = 0;
				GCC_PREPROCESSOR_DEFINITIONS = (
					"DEBUG=1",
					"$(inherited)",
				);
				GCC_WARN_64_TO_32_BIT_CONVERSION = YES;
				GCC_WARN_ABOUT_RETURN_TYPE = YES_ERROR;
				GCC_WARN_UNDECLARED_SELECTOR = YES;
				GCC_WARN_UNINITIALIZED_AUTOS = YES_AGGRESSIVE;
				GCC_WARN_UNUSED_FUNCTION = YES;
				GCC_WARN_UNUSED_VARIABLE = YES;
				IPHONEOS_DEPLOYMENT_TARGET = 12.1;
				MTL_ENABLE_DEBUG_INFO = INCLUDE_SOURCE;
				MTL_FAST_MATH = YES;
				ONLY_ACTIVE_ARCH = YES;
				SDKROOT = iphoneos;
				SWIFT_ACTIVE_COMPILATION_CONDITIONS = DEBUG;
				SWIFT_OPTIMIZATION_LEVEL = "-Onone";
			};
			name = Debug;
		};
		0426866B21FB92B000FC90BF /* Release */ = {
			isa = XCBuildConfiguration;
			buildSettings = {
				ALWAYS_SEARCH_USER_PATHS = NO;
				CLANG_ANALYZER_NONNULL = YES;
				CLANG_ANALYZER_NUMBER_OBJECT_CONVERSION = YES_AGGRESSIVE;
				CLANG_CXX_LANGUAGE_STANDARD = "gnu++14";
				CLANG_CXX_LIBRARY = "libc++";
				CLANG_ENABLE_MODULES = YES;
				CLANG_ENABLE_OBJC_ARC = YES;
				CLANG_ENABLE_OBJC_WEAK = YES;
				CLANG_WARN_BLOCK_CAPTURE_AUTORELEASING = YES;
				CLANG_WARN_BOOL_CONVERSION = YES;
				CLANG_WARN_COMMA = YES;
				CLANG_WARN_CONSTANT_CONVERSION = YES;
				CLANG_WARN_DEPRECATED_OBJC_IMPLEMENTATIONS = YES;
				CLANG_WARN_DIRECT_OBJC_ISA_USAGE = YES_ERROR;
				CLANG_WARN_DOCUMENTATION_COMMENTS = YES;
				CLANG_WARN_EMPTY_BODY = YES;
				CLANG_WARN_ENUM_CONVERSION = YES;
				CLANG_WARN_INFINITE_RECURSION = YES;
				CLANG_WARN_INT_CONVERSION = YES;
				CLANG_WARN_NON_LITERAL_NULL_CONVERSION = YES;
				CLANG_WARN_OBJC_IMPLICIT_RETAIN_SELF = YES;
				CLANG_WARN_OBJC_LITERAL_CONVERSION = YES;
				CLANG_WARN_OBJC_ROOT_CLASS = YES_ERROR;
				CLANG_WARN_RANGE_LOOP_ANALYSIS = YES;
				CLANG_WARN_STRICT_PROTOTYPES = YES;
				CLANG_WARN_SUSPICIOUS_MOVE = YES;
				CLANG_WARN_UNGUARDED_AVAILABILITY = YES_AGGRESSIVE;
				CLANG_WARN_UNREACHABLE_CODE = YES;
				CLANG_WARN__DUPLICATE_METHOD_MATCH = YES;
				CODE_SIGN_IDENTITY = "iPhone Developer";
				COPY_PHASE_STRIP = NO;
				DEBUG_INFORMATION_FORMAT = "dwarf-with-dsym";
				ENABLE_NS_ASSERTIONS = NO;
				ENABLE_STRICT_OBJC_MSGSEND = YES;
				GCC_C_LANGUAGE_STANDARD = gnu11;
				GCC_NO_COMMON_BLOCKS = YES;
				GCC_WARN_64_TO_32_BIT_CONVERSION = YES;
				GCC_WARN_ABOUT_RETURN_TYPE = YES_ERROR;
				GCC_WARN_UNDECLARED_SELECTOR = YES;
				GCC_WARN_UNINITIALIZED_AUTOS = YES_AGGRESSIVE;
				GCC_WARN_UNUSED_FUNCTION = YES;
				GCC_WARN_UNUSED_VARIABLE = YES;
				IPHONEOS_DEPLOYMENT_TARGET = 12.1;
				MTL_ENABLE_DEBUG_INFO = NO;
				MTL_FAST_MATH = YES;
				SDKROOT = iphoneos;
				SWIFT_COMPILATION_MODE = wholemodule;
				SWIFT_OPTIMIZATION_LEVEL = "-O";
				VALIDATE_PRODUCT = YES;
			};
			name = Release;
		};
		0426866D21FB92B000FC90BF /* Debug */ = {
			isa = XCBuildConfiguration;
			baseConfigurationReference = 1D7AEEE6E524E777C42306AA /* Pods-CoordinatorImplementation.debug.xcconfig */;
			buildSettings = {
				ASSETCATALOG_COMPILER_APPICON_NAME = AppIcon;
				CODE_SIGN_STYLE = Manual;
				DEVELOPMENT_TEAM = "";
				INFOPLIST_FILE = "$(SRCROOT)/CoordinatorImplementation/Info.plist";
				LD_RUNPATH_SEARCH_PATHS = (
					"$(inherited)",
					"@executable_path/Frameworks",
				);
				PRODUCT_BUNDLE_IDENTIFIER = "com.blue-red.CoordinatorImplementation";
				PRODUCT_NAME = "$(TARGET_NAME)";
				PROVISIONING_PROFILE_SPECIFIER = "";
				SWIFT_OBJC_BRIDGING_HEADER = CoordinatorImplementation/Coordinator.h;
				SWIFT_VERSION = 4.2;
				TARGETED_DEVICE_FAMILY = "1,2";
			};
			name = Debug;
		};
		0426866E21FB92B000FC90BF /* Release */ = {
			isa = XCBuildConfiguration;
			baseConfigurationReference = 692D7E2EC8FADBD7B46A236A /* Pods-CoordinatorImplementation.release.xcconfig */;
			buildSettings = {
				ASSETCATALOG_COMPILER_APPICON_NAME = AppIcon;
				CODE_SIGN_STYLE = Manual;
				DEVELOPMENT_TEAM = "";
				INFOPLIST_FILE = "$(SRCROOT)/CoordinatorImplementation/Info.plist";
				LD_RUNPATH_SEARCH_PATHS = (
					"$(inherited)",
					"@executable_path/Frameworks",
				);
				PRODUCT_BUNDLE_IDENTIFIER = "com.blue-red.CoordinatorImplementation";
				PRODUCT_NAME = "$(TARGET_NAME)";
				PROVISIONING_PROFILE_SPECIFIER = "";
				SWIFT_OBJC_BRIDGING_HEADER = CoordinatorImplementation/Coordinator.h;
				SWIFT_VERSION = 4.2;
				TARGETED_DEVICE_FAMILY = "1,2";
			};
			name = Release;
		};
/* End XCBuildConfiguration section */

/* Begin XCConfigurationList section */
		0426865521FB92AE00FC90BF /* Build configuration list for PBXProject "CoordinatorImplementation" */ = {
			isa = XCConfigurationList;
			buildConfigurations = (
				0426866A21FB92B000FC90BF /* Debug */,
				0426866B21FB92B000FC90BF /* Release */,
			);
			defaultConfigurationIsVisible = 0;
			defaultConfigurationName = Release;
		};
		0426866C21FB92B000FC90BF /* Build configuration list for PBXNativeTarget "CoordinatorImplementation" */ = {
			isa = XCConfigurationList;
			buildConfigurations = (
				0426866D21FB92B000FC90BF /* Debug */,
				0426866E21FB92B000FC90BF /* Release */,
			);
			defaultConfigurationIsVisible = 0;
			defaultConfigurationName = Release;
		};
/* End XCConfigurationList section */
	};
	rootObject = 0426865221FB92AE00FC90BF /* Project object */;
}
